
Microsoft Visual Studio Solution File, Format Version 12.00
# Visual Studio Version 16
VisualStudioVersion = 16.0.30711.63
MinimumVisualStudioVersion = 10.0.40219.1
Project("{FAE04EC0-301F-11D3-BF4B-00C04F79EFBC}") = "assignment1", "assignment1\assignment1.csproj", "{6F9EBC58-68A3-4E2E-A30D-545ADA669D43}"
EndProject
Global
	GlobalSection(SolutionConfigurationPlatforms) = preSolution
		Debug|Any CPU = Debug|Any CPU
		Release|Any CPU = Release|Any CPU
	EndGlobalSection
	GlobalSection(ProjectConfigurationPlatforms) = postSolution
		{6F9EBC58-68A3-4E2E-A30D-545ADA669D43}.Debug|Any CPU.ActiveCfg = Debug|Any CPU
		{6F9EBC58-68A3-4E2E-A30D-545ADA669D43}.Debug|Any CPU.Build.0 = Debug|Any CPU
		{6F9EBC58-68A3-4E2E-A30D-545ADA669D43}.Release|Any CPU.ActiveCfg = Release|Any CPU
		{6F9EBC58-68A3-4E2E-A30D-545ADA669D43}.Release|Any CPU.Build.0 = Release|Any CPU
	EndGlobalSection
	GlobalSection(SolutionProperties) = preSolution
		HideSolutionNode = FALSE
	EndGlobalSection
	GlobalSection(ExtensibilityGlobals) = postSolution
		SolutionGuid = {8D29FDE0-8D4F-41D6-8965-ABE323788B4E}
	EndGlobalSection
EndGlobal
