
Microsoft Visual Studio Solution File, Format Version 12.00
# Visual Studio Version 16
VisualStudioVersion = 16.0.30711.63
MinimumVisualStudioVersion = 10.0.40219.1
Project("{FAE04EC0-301F-11D3-BF4B-00C04F79EFBC}") = "assignment1", "assignment1\assignment1.csproj", "{7EA95FF2-4CC6-43CB-A66E-A9E8525CAACE}"
EndProject
Global
	GlobalSection(SolutionConfigurationPlatforms) = preSolution
		Debug|Any CPU = Debug|Any CPU
		Release|Any CPU = Release|Any CPU
	EndGlobalSection
	GlobalSection(ProjectConfigurationPlatforms) = postSolution
		{7EA95FF2-4CC6-43CB-A66E-A9E8525CAACE}.Debug|Any CPU.ActiveCfg = Debug|Any CPU
		{7EA95FF2-4CC6-43CB-A66E-A9E8525CAACE}.Debug|Any CPU.Build.0 = Debug|Any CPU
		{7EA95FF2-4CC6-43CB-A66E-A9E8525CAACE}.Release|Any CPU.ActiveCfg = Release|Any CPU
		{7EA95FF2-4CC6-43CB-A66E-A9E8525CAACE}.Release|Any CPU.Build.0 = Release|Any CPU
	EndGlobalSection
	GlobalSection(SolutionProperties) = preSolution
		HideSolutionNode = FALSE
	EndGlobalSection
	GlobalSection(ExtensibilityGlobals) = postSolution
		SolutionGuid = {CBED5483-A98F-42FC-9A03-04896660C724}
	EndGlobalSection
EndGlobal
